{
  "version": 4,
  "terraform_version": "1.7.0",
  "serial": 132,
  "lineage": "09c39173-304e-8981-c367-df494f193997",
  "outputs": {
    "route53_zone_id": {
      "value": "Z04617973F6OFMF6TAWZI",
      "type": "string"
    },
    "s3_bucket_url": {
      "value": "clementd-portfolio-bucket.s3.ap-northeast-2.amazonaws.com",
      "type": "string"
    }
  },
  "resources": [
    {
      "mode": "managed",
      "type": "aws_acm_certificate",
      "name": "my_portfolio_cert",
      "provider": "provider[\"registry.terraform.io/hashicorp/aws\"]",
      "instances": [
        {
          "schema_version": 0,
          "attributes": {
            "arn": "arn:aws:acm:ap-northeast-2:039897765914:certificate/b1b47a21-0391-4618-a154-d81aeff80b52",
            "certificate_authority_arn": "",
            "certificate_body": null,
            "certificate_chain": null,
            "domain_name": "clementd-portfolio.com",
            "domain_validation_options": [
              {
                "domain_name": "clementd-portfolio.com",
                "resource_record_name": "_17651c6fe268f8b848aa2c230762208a.clementd-portfolio.com.",
                "resource_record_type": "CNAME",
                "resource_record_value": "_a060a18e60ad0fa8a3cad1aff3567702.mhbtsbpdnt.acm-validations.aws."
              }
            ],
            "early_renewal_duration": "",
            "id": "arn:aws:acm:ap-northeast-2:039897765914:certificate/b1b47a21-0391-4618-a154-d81aeff80b52",
            "key_algorithm": "RSA_2048",
            "not_after": "",
            "not_before": "",
            "options": [
              {
                "certificate_transparency_logging_preference": "ENABLED"
              }
            ],
            "pending_renewal": false,
            "private_key": null,
            "renewal_eligibility": "INELIGIBLE",
            "renewal_summary": [],
            "status": "PENDING_VALIDATION",
            "subject_alternative_names": [
              "clementd-portfolio.com"
            ],
            "tags": {},
            "tags_all": {},
            "type": "AMAZON_ISSUED",
            "validation_emails": [],
            "validation_method": "DNS",
            "validation_option": []
          },
          "sensitive_attributes": [],
          "private": "bnVsbA=="
        }
      ]
    },
    {
      "mode": "managed",
      "type": "aws_cloudfront_origin_access_identity",
      "name": "portfolio_oai",
      "provider": "provider[\"registry.terraform.io/hashicorp/aws\"]",
      "instances": [
        {
          "schema_version": 0,
          "attributes": {
            "caller_reference": "terraform-20240122221155042000000001",
            "cloudfront_access_identity_path": "origin-access-identity/cloudfront/EZT0B542279QQ",
            "comment": "OAI for clementd-portfolio.com",
            "etag": "E1657DXA3VFROK",
            "iam_arn": "arn:aws:iam::cloudfront:user/CloudFront Origin Access Identity EZT0B542279QQ",
            "id": "EZT0B542279QQ",
            "s3_canonical_user_id": "12cc4ec57009d11439af647731a4ba7df2418f1cace03cccce99334b32e773aaef5c74478d61884b8182d48ea9c625b0"
          },
          "sensitive_attributes": [],
          "private": "bnVsbA=="
        }
      ]
    },
    {
      "mode": "managed",
      "type": "aws_route53_record",
      "name": "my_portfolio_cert_validation",
      "provider": "provider[\"registry.terraform.io/hashicorp/aws\"]",
      "instances": [
        {
          "index_key": "clementd-portfolio.com",
          "schema_version": 2,
          "attributes": {
            "alias": [],
            "allow_overwrite": null,
            "cidr_routing_policy": [],
            "failover_routing_policy": [],
            "fqdn": "_17651c6fe268f8b848aa2c230762208a.clementd-portfolio.com",
            "geolocation_routing_policy": [],
            "health_check_id": "",
            "id": "Z04617973F6OFMF6TAWZI__17651c6fe268f8b848aa2c230762208a.clementd-portfolio.com._CNAME",
            "latency_routing_policy": [],
            "multivalue_answer_routing_policy": false,
            "name": "_17651c6fe268f8b848aa2c230762208a.clementd-portfolio.com",
            "records": [
              "_a060a18e60ad0fa8a3cad1aff3567702.mhbtsbpdnt.acm-validations.aws."
            ],
            "set_identifier": "",
            "ttl": 60,
            "type": "CNAME",
            "weighted_routing_policy": [],
            "zone_id": "Z04617973F6OFMF6TAWZI"
          },
          "sensitive_attributes": [],
          "private": "eyJzY2hlbWFfdmVyc2lvbiI6IjIifQ==",
          "dependencies": [
            "aws_acm_certificate.my_portfolio_cert",
            "aws_route53_zone.my_portfolio_zone"
          ]
        }
      ]
    },
    {
      "mode": "managed",
      "type": "aws_route53_zone",
      "name": "my_portfolio_zone",
      "provider": "provider[\"registry.terraform.io/hashicorp/aws\"]",
      "instances": [
        {
          "schema_version": 0,
          "attributes": {
            "arn": "arn:aws:route53:::hostedzone/Z04617973F6OFMF6TAWZI",
            "comment": "Managed by Terraform",
            "delegation_set_id": "",
            "force_destroy": false,
            "id": "Z04617973F6OFMF6TAWZI",
            "name": "clementd-portfolio.com",
            "name_servers": [
              "ns-1236.awsdns-26.org",
              "ns-1838.awsdns-37.co.uk",
              "ns-451.awsdns-56.com",
              "ns-704.awsdns-24.net"
            ],
            "primary_name_server": "ns-451.awsdns-56.com",
            "tags": {},
            "tags_all": {},
            "vpc": [],
            "zone_id": "Z04617973F6OFMF6TAWZI"
          },
          "sensitive_attributes": [],
          "private": "bnVsbA=="
        }
      ]
    },
    {
      "mode": "managed",
      "type": "aws_s3_bucket",
      "name": "my_portfolio_bucket",
      "provider": "provider[\"registry.terraform.io/hashicorp/aws\"]",
      "instances": [
        {
          "schema_version": 0,
          "attributes": {
            "acceleration_status": "",
            "acl": null,
            "arn": "arn:aws:s3:::clementd-portfolio-bucket",
            "bucket": "clementd-portfolio-bucket",
            "bucket_domain_name": "clementd-portfolio-bucket.s3.amazonaws.com",
            "bucket_prefix": "",
            "bucket_regional_domain_name": "clementd-portfolio-bucket.s3.ap-northeast-2.amazonaws.com",
            "cors_rule": [],
            "force_destroy": false,
            "grant": [
              {
                "id": "567cdcc634874f91913bbdac64279232c2ab9dfc520ce6d79215904553d632a4",
                "permissions": [
                  "FULL_CONTROL"
                ],
                "type": "CanonicalUser",
                "uri": ""
              }
            ],
            "hosted_zone_id": "Z3W03O7B5YMIYP",
            "id": "clementd-portfolio-bucket",
            "lifecycle_rule": [],
            "logging": [],
            "object_lock_configuration": [],
            "object_lock_enabled": false,
            "policy": "",
            "region": "ap-northeast-2",
            "replication_configuration": [],
            "request_payer": "BucketOwner",
            "server_side_encryption_configuration": [
              {
                "rule": [
                  {
                    "apply_server_side_encryption_by_default": [
                      {
                        "kms_master_key_id": "",
                        "sse_algorithm": "AES256"
                      }
                    ],
                    "bucket_key_enabled": false
                  }
                ]
              }
            ],
            "tags": {},
            "tags_all": {},
            "timeouts": null,
            "versioning": [
              {
                "enabled": false,
                "mfa_delete": false
              }
            ],
            "website": [
              {
                "error_document": "error.html",
                "index_document": "index.html",
                "redirect_all_requests_to": "",
                "routing_rules": ""
              }
            ],
            "website_domain": "s3-website.ap-northeast-2.amazonaws.com",
            "website_endpoint": "clementd-portfolio-bucket.s3-website.ap-northeast-2.amazonaws.com"
          },
          "sensitive_attributes": [],
          "private": "eyJlMmJmYjczMC1lY2FhLTExZTYtOGY4OC0zNDM2M2JjN2M0YzAiOnsiY3JlYXRlIjoxMjAwMDAwMDAwMDAwLCJkZWxldGUiOjM2MDAwMDAwMDAwMDAsInJlYWQiOjEyMDAwMDAwMDAwMDAsInVwZGF0ZSI6MTIwMDAwMDAwMDAwMH19"
        }
      ]
    },
    {
      "mode": "managed",
      "type": "aws_s3_bucket_website_configuration",
      "name": "my_portfolio_website",
      "provider": "provider[\"registry.terraform.io/hashicorp/aws\"]",
      "instances": [
        {
          "schema_version": 0,
          "attributes": {
            "bucket": "clementd-portfolio-bucket",
            "error_document": [
              {
                "key": "error.html"
              }
            ],
            "expected_bucket_owner": "",
            "id": "clementd-portfolio-bucket",
            "index_document": [
              {
                "suffix": "index.html"
              }
            ],
            "redirect_all_requests_to": [],
            "routing_rule": [],
            "routing_rules": "",
            "website_domain": "s3-website.ap-northeast-2.amazonaws.com",
            "website_endpoint": "clementd-portfolio-bucket.s3-website.ap-northeast-2.amazonaws.com"
          },
          "sensitive_attributes": [],
          "private": "bnVsbA==",
          "dependencies": [
            "aws_s3_bucket.my_portfolio_bucket"
          ]
        }
      ]
    }
  ],
  "check_results": null
}
